
Microsoft Visual Studio Solution File, Format Version 12.00
# Visual Studio Version 17
VisualStudioVersion = 17.0.32112.339
MinimumVisualStudioVersion = 10.0.40219.1
Project("{8BC9CEB8-8B4A-11D0-8D11-00A0C91BC942}") = "ViewSynthesis", "ViewSynthesis\ViewSynthesis.vcxproj", "{221E3440-13A7-493C-9CF9-3DB41DB86D4A}"
EndProject
Global
	GlobalSection(SolutionConfigurationPlatforms) = preSolution
		Debug|x64 = Debug|x64
		Debug|x86 = Debug|x86
		Release|x64 = Release|x64
		Release|x86 = Release|x86
	EndGlobalSection
	GlobalSection(ProjectConfigurationPlatforms) = postSolution
		{221E3440-13A7-493C-9CF9-3DB41DB86D4A}.Debug|x64.ActiveCfg = Debug|x64
		{221E3440-13A7-493C-9CF9-3DB41DB86D4A}.Debug|x64.Build.0 = Debug|x64
		{221E3440-13A7-493C-9CF9-3DB41DB86D4A}.Debug|x86.ActiveCfg = Debug|Win32
		{221E3440-13A7-493C-9CF9-3DB41DB86D4A}.Debug|x86.Build.0 = Debug|Win32
		{221E3440-13A7-493C-9CF9-3DB41DB86D4A}.Release|x64.ActiveCfg = Release|x64
		{221E3440-13A7-493C-9CF9-3DB41DB86D4A}.Release|x64.Build.0 = Release|x64
		{221E3440-13A7-493C-9CF9-3DB41DB86D4A}.Release|x86.ActiveCfg = Release|Win32
		{221E3440-13A7-493C-9CF9-3DB41DB86D4A}.Release|x86.Build.0 = Release|Win32
	EndGlobalSection
	GlobalSection(SolutionProperties) = preSolution
		HideSolutionNode = FALSE
	EndGlobalSection
	GlobalSection(ExtensibilityGlobals) = postSolution
		SolutionGuid = {B875A993-F4B9-44A8-82BB-800E2776A7FE}
	EndGlobalSection
EndGlobal
